
Microsoft Visual Studio Solution File, Format Version 12.00
# Visual Studio 15
VisualStudioVersion = 15.0.28307.852
MinimumVisualStudioVersion = 10.0.40219.1
Project("{8BC9CEB8-8B4A-11D0-8D11-00A0C91BC942}") = "CppSnake", "CppSnake\CppSnake.vcxproj", "{C4261A6C-301F-40DB-8618-51E3500D288A}"
EndProject
Global
	GlobalSection(SolutionConfigurationPlatforms) = preSolution
		Debug|x64 = Debug|x64
		Debug|x86 = Debug|x86
		Release|x64 = Release|x64
		Release|x86 = Release|x86
	EndGlobalSection
	GlobalSection(ProjectConfigurationPlatforms) = postSolution
		{C4261A6C-301F-40DB-8618-51E3500D288A}.Debug|x64.ActiveCfg = Debug|x64
		{C4261A6C-301F-40DB-8618-51E3500D288A}.Debug|x64.Build.0 = Debug|x64
		{C4261A6C-301F-40DB-8618-51E3500D288A}.Debug|x86.ActiveCfg = Debug|Win32
		{C4261A6C-301F-40DB-8618-51E3500D288A}.Debug|x86.Build.0 = Debug|Win32
		{C4261A6C-301F-40DB-8618-51E3500D288A}.Release|x64.ActiveCfg = Release|x64
		{C4261A6C-301F-40DB-8618-51E3500D288A}.Release|x64.Build.0 = Release|x64
		{C4261A6C-301F-40DB-8618-51E3500D288A}.Release|x86.ActiveCfg = Release|Win32
		{C4261A6C-301F-40DB-8618-51E3500D288A}.Release|x86.Build.0 = Release|Win32
	EndGlobalSection
	GlobalSection(SolutionProperties) = preSolution
		HideSolutionNode = FALSE
	EndGlobalSection
	GlobalSection(ExtensibilityGlobals) = postSolution
		SolutionGuid = {9EEA5829-F7AA-490D-80EE-D448B16DE3E9}
	EndGlobalSection
EndGlobal
